// !$*UTF8*$!
{
	archiveVersion = 1;
	classes = {
	};
	objectVersion = 46;
	objects = {

/* Begin PBXBuildFile section */
		832EC6E01A2BC7B10055723B /* AppDelegate.swift in Sources */ = {isa = PBXBuildFile; fileRef = 832EC6DF1A2BC7B10055723B /* AppDelegate.swift */; };
		832EC6E21A2BC7B10055723B /* ViewController.swift in Sources */ = {isa = PBXBuildFile; fileRef = 832EC6E11A2BC7B10055723B /* ViewController.swift */; };
		832EC6E41A2BC7B10055723B /* Images.xcassets in Resources */ = {isa = PBXBuildFile; fileRef = 832EC6E31A2BC7B10055723B /* Images.xcassets */; };
		832EC6E71A2BC7B10055723B /* Main.storyboard in Resources */ = {isa = PBXBuildFile; fileRef = 832EC6E51A2BC7B10055723B /* Main.storyboard */; };
		832EC6F31A2BC7B10055723B /* TravisTestTests.swift in Sources */ = {isa = PBXBuildFile; fileRef = 832EC6F21A2BC7B10055723B /* TravisTestTests.swift */; };
/* End PBXBuildFile section */

/* Begin PBXContainerItemProxy section */
		832EC6ED1A2BC7B10055723B /* PBXContainerItemProxy */ = {
			isa = PBXContainerItemProxy;
			containerPortal = 832EC6D21A2BC7B10055723B /* Project object */;
			proxyType = 1;
			remoteGlobalIDString = 832EC6D91A2BC7B10055723B;
			remoteInfo = TravisTest;
		};
/* End PBXContainerItemProxy section */

/* Begin PBXFileReference section */
		832EC6DA1A2BC7B10055723B /* TravisTest.app */ = {isa = PBXFileReference; explicitFileType = wrapper.application; includeInIndex = 0; path = TravisTest.app; sourceTree = BUILT_PRODUCTS_DIR; };
		832EC6DE1A2BC7B10055723B /* Info.plist */ = {isa = PBXFileReference; lastKnownFileType = text.plist.xml; path = Info.plist; sourceTree = "<group>"; };
		832EC6DF1A2BC7B10055723B /* AppDelegate.swift */ = {isa = PBXFileReference; lastKnownFileType = sourcecode.swift; path = AppDelegate.swift; sourceTree = "<group>"; };
		832EC6E11A2BC7B10055723B /* ViewController.swift */ = {isa = PBXFileReference; lastKnownFileType = sourcecode.swift; path = ViewController.swift; sourceTree = "<group>"; };
		832EC6E31A2BC7B10055723B /* Images.xcassets */ = {isa = PBXFileReference; lastKnownFileType = folder.assetcatalog; path = Images.xcassets; sourceTree = "<group>"; };
		832EC6E61A2BC7B10055723B /* Base */ = {isa = PBXFileReference; lastKnownFileType = file.storyboard; name = Base; path = Base.lproj/Main.storyboard; sourceTree = "<group>"; };
		832EC6EC1A2BC7B10055723B /* TravisTestTests.xctest */ = {isa = PBXFileReference; explicitFileType = wrapper.cfbundle; includeInIndex = 0; path = TravisTestTests.xctest; sourceTree = BUILT_PRODUCTS_DIR; };
		832EC6F11A2BC7B10055723B /* Info.plist */ = {isa = PBXFileReference; lastKnownFileType = text.plist.xml; path = Info.plist; sourceTree = "<group>"; };
		832EC6F21A2BC7B10055723B /* TravisTestTests.swift */ = {isa = PBXFileReference; lastKnownFileType = sourcecode.swift; path = TravisTestTests.swift; sourceTree = "<group>"; };
/* End PBXFileReference section */

/* Begin PBXFrameworksBuildPhase section */
		832EC6D71A2BC7B10055723B /* Frameworks */ = {
			isa = PBXFrameworksBuildPhase;
			buildActionMask = 2147483647;
			files = (
			);
			runOnlyForDeploymentPostprocessing = 0;
		};
		832EC6E91A2BC7B10055723B /* Frameworks */ = {
			isa = PBXFrameworksBuildPhase;
			buildActionMask = 2147483647;
			files = (
			);
			runOnlyForDeploymentPostprocessing = 0;
		};
/* End PBXFrameworksBuildPhase section */

/* Begin PBXGroup section */
		832EC6D11A2BC7B10055723B = {
			isa = PBXGroup;
			children = (
				832EC6DC1A2BC7B10055723B /* TravisTest */,
				832EC6EF1A2BC7B10055723B /* TravisTestTests */,
				832EC6DB1A2BC7B10055723B /* Products */,
			);
			sourceTree = "<group>";
		};
		832EC6DB1A2BC7B10055723B /* Products */ = {
			isa = PBXGroup;
			children = (
				832EC6DA1A2BC7B10055723B /* TravisTest.app */,
				832EC6EC1A2BC7B10055723B /* TravisTestTests.xctest */,
			);
			name = Products;
			sourceTree = "<group>";
		};
		832EC6DC1A2BC7B10055723B /* TravisTest */ = {
			isa = PBXGroup;
			children = (
				832EC6DF1A2BC7B10055723B /* AppDelegate.swift */,
				832EC6E11A2BC7B10055723B /* ViewController.swift */,
				832EC6E31A2BC7B10055723B /* Images.xcassets */,
				832EC6E51A2BC7B10055723B /* Main.storyboard */,
				832EC6DD1A2BC7B10055723B /* Supporting Files */,
			);
			path = TravisTest;
			sourceTree = "<group>";
		};
		832EC6DD1A2BC7B10055723B /* Supporting Files */ = {
			isa = PBXGroup;
			children = (
				832EC6DE1A2BC7B10055723B /* Info.plist */,
			);
			name = "Supporting Files";
			sourceTree = "<group>";
		};
		832EC6EF1A2BC7B10055723B /* TravisTestTests */ = {
			isa = PBXGroup;
			children = (
				832EC6F21A2BC7B10055723B /* TravisTestTests.swift */,
				832EC6F01A2BC7B10055723B /* Supporting Files */,
			);
			path = TravisTestTests;
			sourceTree = "<group>";
		};
		832EC6F01A2BC7B10055723B /* Supporting Files */ = {
			isa = PBXGroup;
			children = (
				832EC6F11A2BC7B10055723B /* Info.plist */,
			);
			name = "Supporting Files";
			sourceTree = "<group>";
		};
/* End PBXGroup section */

/* Begin PBXNativeTarget section */
		832EC6D91A2BC7B10055723B /* TravisTest */ = {
			isa = PBXNativeTarget;
			buildConfigurationList = 832EC6F61A2BC7B10055723B /* Build configuration list for PBXNativeTarget "TravisTest" */;
			buildPhases = (
				832EC6D61A2BC7B10055723B /* Sources */,
				832EC6D71A2BC7B10055723B /* Frameworks */,
				832EC6D81A2BC7B10055723B /* Resources */,
			);
			buildRules = (
			);
			dependencies = (
			);
			name = TravisTest;
			productName = TravisTest;
			productReference = 832EC6DA1A2BC7B10055723B /* TravisTest.app */;
			productType = "com.apple.product-type.application";
		};
		832EC6EB1A2BC7B10055723B /* TravisTestTests */ = {
			isa = PBXNativeTarget;
			buildConfigurationList = 832EC6F91A2BC7B10055723B /* Build configuration list for PBXNativeTarget "TravisTestTests" */;
			buildPhases = (
				832EC6E81A2BC7B10055723B /* Sources */,
				832EC6E91A2BC7B10055723B /* Frameworks */,
				832EC6EA1A2BC7B10055723B /* Resources */,
			);
			buildRules = (
			);
			dependencies = (
				832EC6EE1A2BC7B10055723B /* PBXTargetDependency */,
			);
			name = TravisTestTests;
			productName = TravisTestTests;
			productReference = 832EC6EC1A2BC7B10055723B /* TravisTestTests.xctest */;
			productType = "com.apple.product-type.bundle.unit-test";
		};
/* End PBXNativeTarget section */

/* Begin PBXProject section */
		832EC6D21A2BC7B10055723B /* Project object */ = {
			isa = PBXProject;
			attributes = {
				LastUpgradeCheck = 0620;
				ORGANIZATIONNAME = "Chris Eidhof";
				TargetAttributes = {
					832EC6D91A2BC7B10055723B = {
						CreatedOnToolsVersion = 6.2;
					};
					832EC6EB1A2BC7B10055723B = {
						CreatedOnToolsVersion = 6.2;
						TestTargetID = 832EC6D91A2BC7B10055723B;
					};
				};
			};
			buildConfigurationList = 832EC6D51A2BC7B10055723B /* Build configuration list for PBXProject "TravisTest" */;
			compatibilityVersion = "Xcode 3.2";
			developmentRegion = English;
			hasScannedForEncodings = 0;
			knownRegions = (
				en,
				Base,
			);
			mainGroup = 832EC6D11A2BC7B10055723B;
			productRefGroup = 832EC6DB1A2BC7B10055723B /* Products */;
			projectDirPath = "";
			projectRoot = "";
			targets = (
				832EC6D91A2BC7B10055723B /* TravisTest */,
				832EC6EB1A2BC7B10055723B /* TravisTestTests */,
			);
		};
/* End PBXProject section */

/* Begin PBXResourcesBuildPhase section */
		832EC6D81A2BC7B10055723B /* Resources */ = {
			isa = PBXResourcesBuildPhase;
			buildActionMask = 2147483647;
			files = (
				832EC6E41A2BC7B10055723B /* Images.xcassets in Resources */,
				832EC6E71A2BC7B10055723B /* Main.storyboard in Resources */,
			);
			runOnlyForDeploymentPostprocessing = 0;
		};
		832EC6EA1A2BC7B10055723B /* Resources */ = {
			isa = PBXResourcesBuildPhase;
			buildActionMask = 2147483647;
			files = (
			);
			runOnlyForDeploymentPostprocessing = 0;
		};
/* End PBXResourcesBuildPhase section */

/* Begin PBXSourcesBuildPhase section */
		832EC6D61A2BC7B10055723B /* Sources */ = {
			isa = PBXSourcesBuildPhase;
			buildActionMask = 2147483647;
			files = (
				832EC6E21A2BC7B10055723B /* ViewController.swift in Sources */,
				832EC6E01A2BC7B10055723B /* AppDelegate.swift in Sources */,
			);
			runOnlyForDeploymentPostprocessing = 0;
		};
		832EC6E81A2BC7B10055723B /* Sources */ = {
			isa = PBXSourcesBuildPhase;
			buildActionMask = 2147483647;
			files = (
				832EC6F31A2BC7B10055723B /* TravisTestTests.swift in Sources */,
			);
			runOnlyForDeploymentPostprocessing = 0;
		};
/* End PBXSourcesBuildPhase section */

/* Begin PBXTargetDependency section */
		832EC6EE1A2BC7B10055723B /* PBXTargetDependency */ = {
			isa = PBXTargetDependency;
			target = 832EC6D91A2BC7B10055723B /* TravisTest */;
			targetProxy = 832EC6ED1A2BC7B10055723B /* PBXContainerItemProxy */;
		};
/* End PBXTargetDependency section */

/* Begin PBXVariantGroup section */
		832EC6E51A2BC7B10055723B /* Main.storyboard */ = {
			isa = PBXVariantGroup;
			children = (
				832EC6E61A2BC7B10055723B /* Base */,
			);
			name = Main.storyboard;
			sourceTree = "<group>";
		};
/* End PBXVariantGroup section */

/* Begin XCBuildConfiguration section */
		832EC6F41A2BC7B10055723B /* Debug */ = {
			isa = XCBuildConfiguration;
			buildSettings = {
				ALWAYS_SEARCH_USER_PATHS = NO;
				CLANG_CXX_LANGUAGE_STANDARD = "gnu++0x";
				CLANG_CXX_LIBRARY = "libc++";
				CLANG_ENABLE_MODULES = YES;
				CLANG_ENABLE_OBJC_ARC = YES;
				CLANG_WARN_BOOL_CONVERSION = YES;
				CLANG_WARN_CONSTANT_CONVERSION = YES;
				CLANG_WARN_DIRECT_OBJC_ISA_USAGE = YES_ERROR;
				CLANG_WARN_EMPTY_BODY = YES;
				CLANG_WARN_ENUM_CONVERSION = YES;
				CLANG_WARN_INT_CONVERSION = YES;
				CLANG_WARN_OBJC_ROOT_CLASS = YES_ERROR;
				CLANG_WARN_UNREACHABLE_CODE = YES;
				CLANG_WARN__DUPLICATE_METHOD_MATCH = YES;
				CODE_SIGN_IDENTITY = "-";
				COPY_PHASE_STRIP = NO;
				ENABLE_STRICT_OBJC_MSGSEND = YES;
				GCC_C_LANGUAGE_STANDARD = gnu99;
				GCC_DYNAMIC_NO_PIC = NO;
				GCC_OPTIMIZATION_LEVEL = 0;
				GCC_PREPROCESSOR_DEFINITIONS = (
					"DEBUG=1",
					"$(inherited)",
				);
				GCC_SYMBOLS_PRIVATE_EXTERN = NO;
				GCC_WARN_64_TO_32_BIT_CONVERSION = YES;
				GCC_WARN_ABOUT_RETURN_TYPE = YES_ERROR;
				GCC_WARN_UNDECLARED_SELECTOR = YES;
				GCC_WARN_UNINITIALIZED_AUTOS = YES_AGGRESSIVE;
				GCC_WARN_UNUSED_FUNCTION = YES;
				GCC_WARN_UNUSED_VARIABLE = YES;
				MACOSX_DEPLOYMENT_TARGET = 10.10;
				MTL_ENABLE_DEBUG_INFO = YES;
				ONLY_ACTIVE_ARCH = YES;
				SDKROOT = macosx;
				SWIFT_OPTIMIZATION_LEVEL = "-Onone";
			};
			name = Debug;
		};
		832EC6F51A2BC7B10055723B /* Release */ = {
			isa = XCBuildConfiguration;
			buildSettings = {
				ALWAYS_SEARCH_USER_PATHS = NO;
				CLANG_CXX_LANGUAGE_STANDARD = "gnu++0x";
				CLANG_CXX_LIBRARY = "libc++";
				CLANG_ENABLE_MODULES = YES;
				CLANG_ENABLE_OBJC_ARC = YES;
				CLANG_WARN_BOOL_CONVERSION = YES;
				CLANG_WARN_CONSTANT_CONVERSION = YES;
				CLANG_WARN_DIRECT_OBJC_ISA_USAGE = YES_ERROR;
				CLANG_WARN_EMPTY_BODY = YES;
				CLANG_WARN_ENUM_CONVERSION = YES;
				CLANG_WARN_INT_CONVERSION = YES;
				CLANG_WARN_OBJC_ROOT_CLASS = YES_ERROR;
				CLANG_WARN_UNREACHABLE_CODE = YES;
				CLANG_WARN__DUPLICATE_METHOD_MATCH = YES;
				CODE_SIGN_IDENTITY = "-";
				COPY_PHASE_STRIP = YES;
				DEBUG_INFORMATION_FORMAT = "dwarf-with-dsym";
				ENABLE_NS_ASSERTIONS = NO;
				ENABLE_STRICT_OBJC_MSGSEND = YES;
				GCC_C_LANGUAGE_STANDARD = gnu99;
				GCC_WARN_64_TO_32_BIT_CONVERSION = YES;
				GCC_WARN_ABOUT_RETURN_TYPE = YES_ERROR;
				GCC_WARN_UNDECLARED_SELECTOR = YES;
				GCC_WARN_UNINITIALIZED_AUTOS = YES_AGGRESSIVE;
				GCC_WARN_UNUSED_FUNCTION = YES;
				GCC_WARN_UNUSED_VARIABLE = YES;
				MACOSX_DEPLOYMENT_TARGET = 10.10;
				MTL_ENABLE_DEBUG_INFO = NO;
				SDKROOT = macosx;
			};
			name = Release;
		};
		832EC6F71A2BC7B10055723B /* Debug */ = {
			isa = XCBuildConfiguration;
			buildSettings = {
				ASSETCATALOG_COMPILER_APPICON_NAME = AppIcon;
				COMBINE_HIDPI_IMAGES = YES;
				INFOPLIST_FILE = TravisTest/Info.plist;
				LD_RUNPATH_SEARCH_PATHS = "$(inherited) @executable_path/../Frameworks";
				PRODUCT_NAME = "$(TARGET_NAME)";
			};
			name = Debug;
		};
		832EC6F81A2BC7B10055723B /* Release */ = {
			isa = XCBuildConfiguration;
			buildSettings = {
				ASSETCATALOG_COMPILER_APPICON_NAME = AppIcon;
				COMBINE_HIDPI_IMAGES = YES;
				INFOPLIST_FILE = TravisTest/Info.plist;
				LD_RUNPATH_SEARCH_PATHS = "$(inherited) @executable_path/../Frameworks";
				PRODUCT_NAME = "$(TARGET_NAME)";
			};
			name = Release;
		};
		832EC6FA1A2BC7B10055723B /* Debug */ = {
			isa = XCBuildConfiguration;
			buildSettings = {
				BUNDLE_LOADER = "$(TEST_HOST)";
				COMBINE_HIDPI_IMAGES = YES;
				FRAMEWORK_SEARCH_PATHS = (
					"$(DEVELOPER_FRAMEWORKS_DIR)",
					"$(inherited)",
				);
				GCC_PREPROCESSOR_DEFINITIONS = (
					"DEBUG=1",
					"$(inherited)",
				);
				INFOPLIST_FILE = TravisTestTests/Info.plist;
				LD_RUNPATH_SEARCH_PATHS = "$(inherited) @executable_path/../Frameworks @loader_path/../Frameworks";
				PRODUCT_NAME = "$(TARGET_NAME)";
				TEST_HOST = "$(BUILT_PRODUCTS_DIR)/TravisTest.app/Contents/MacOS/TravisTest";
			};
			name = Debug;
		};
		832EC6FB1A2BC7B10055723B /* Release */ = {
			isa = XCBuildConfiguration;
			buildSettings = {
				BUNDLE_LOADER = "$(TEST_HOST)";
				COMBINE_HIDPI_IMAGES = YES;
				FRAMEWORK_SEARCH_PATHS = (
					"$(DEVELOPER_FRAMEWORKS_DIR)",
					"$(inherited)",
				);
				INFOPLIST_FILE = TravisTestTests/Info.plist;
				LD_RUNPATH_SEARCH_PATHS = "$(inherited) @executable_path/../Frameworks @loader_path/../Frameworks";
				PRODUCT_NAME = "$(TARGET_NAME)";
				TEST_HOST = "$(BUILT_PRODUCTS_DIR)/TravisTest.app/Contents/MacOS/TravisTest";
			};
			name = Release;
		};
/* End XCBuildConfiguration section */

/* Begin XCConfigurationList section */
		832EC6D51A2BC7B10055723B /* Build configuration list for PBXProject "TravisTest" */ = {
			isa = XCConfigurationList;
			buildConfigurations = (
				832EC6F41A2BC7B10055723B /* Debug */,
				832EC6F51A2BC7B10055723B /* Release */,
			);
			defaultConfigurationIsVisible = 0;
			defaultConfigurationName = Release;
		};
		832EC6F61A2BC7B10055723B /* Build configuration list for PBXNativeTarget "TravisTest" */ = {
			isa = XCConfigurationList;
			buildConfigurations = (
				832EC6F71A2BC7B10055723B /* Debug */,
				832EC6F81A2BC7B10055723B /* Release */,
			);
			defaultConfigurationIsVisible = 0;
		};
		832EC6F91A2BC7B10055723B /* Build configuration list for PBXNativeTarget "TravisTestTests" */ = {
			isa = XCConfigurationList;
			buildConfigurations = (
				832EC6FA1A2BC7B10055723B /* Debug */,
				832EC6FB1A2BC7B10055723B /* Release */,
			);
			defaultConfigurationIsVisible = 0;
		};
/* End XCConfigurationList section */
	};
	rootObject = 832EC6D21A2BC7B10055723B /* Project object */;
}
